
Microsoft Visual Studio Solution File, Format Version 12.00
# Visual Studio Version 17
VisualStudioVersion = 17.1.32407.343
MinimumVisualStudioVersion = 10.0.40219.1
Project("{9A19103F-16F7-4668-BE54-9A1E7A4F7556}") = "Day 7- Arrays", "Day 7- Arrays.csproj", "{EFCED2C7-4688-47A6-9DFD-26C6F80CA2FD}"
EndProject
Project("{2150E333-8FDC-42A3-9474-1A3956D46DE8}") = "Solution Items", "Solution Items", "{2034911D-ACEB-4C4E-AF7A-E54958D37081}"
	ProjectSection(SolutionItems) = preProject
		.editorconfig = .editorconfig
	EndProjectSection
EndProject
Global
	GlobalSection(SolutionConfigurationPlatforms) = preSolution
		Debug|Any CPU = Debug|Any CPU
		Release|Any CPU = Release|Any CPU
	EndGlobalSection
	GlobalSection(ProjectConfigurationPlatforms) = postSolution
		{EFCED2C7-4688-47A6-9DFD-26C6F80CA2FD}.Debug|Any CPU.ActiveCfg = Debug|Any CPU
		{EFCED2C7-4688-47A6-9DFD-26C6F80CA2FD}.Debug|Any CPU.Build.0 = Debug|Any CPU
		{EFCED2C7-4688-47A6-9DFD-26C6F80CA2FD}.Release|Any CPU.ActiveCfg = Release|Any CPU
		{EFCED2C7-4688-47A6-9DFD-26C6F80CA2FD}.Release|Any CPU.Build.0 = Release|Any CPU
	EndGlobalSection
	GlobalSection(SolutionProperties) = preSolution
		HideSolutionNode = FALSE
	EndGlobalSection
	GlobalSection(ExtensibilityGlobals) = postSolution
		SolutionGuid = {C6913D44-1F94-4EC1-A7E8-51ACDB1D2C0F}
	EndGlobalSection
EndGlobal
