
Microsoft Visual Studio Solution File, Format Version 12.00
# Visual Studio Version 17
VisualStudioVersion = 17.1.32407.343
MinimumVisualStudioVersion = 10.0.40219.1
Project("{FAE04EC0-301F-11D3-BF4B-00C04F79EFBC}") = "Breaking the Records", "Breaking the Records.csproj", "{5CAD1BF4-FA01-49AA-ABDF-9C33A31AE33D}"
EndProject
Global
	GlobalSection(SolutionConfigurationPlatforms) = preSolution
		Debug|Any CPU = Debug|Any CPU
		Release|Any CPU = Release|Any CPU
	EndGlobalSection
	GlobalSection(ProjectConfigurationPlatforms) = postSolution
		{5CAD1BF4-FA01-49AA-ABDF-9C33A31AE33D}.Debug|Any CPU.ActiveCfg = Debug|Any CPU
		{5CAD1BF4-FA01-49AA-ABDF-9C33A31AE33D}.Debug|Any CPU.Build.0 = Debug|Any CPU
		{5CAD1BF4-FA01-49AA-ABDF-9C33A31AE33D}.Release|Any CPU.ActiveCfg = Release|Any CPU
		{5CAD1BF4-FA01-49AA-ABDF-9C33A31AE33D}.Release|Any CPU.Build.0 = Release|Any CPU
	EndGlobalSection
	GlobalSection(SolutionProperties) = preSolution
		HideSolutionNode = FALSE
	EndGlobalSection
	GlobalSection(ExtensibilityGlobals) = postSolution
		SolutionGuid = {692BDB7D-F23F-40AE-B6C5-261F305BECC9}
	EndGlobalSection
EndGlobal
